{
  "name": "color-palette-generator",
  "version": "1.0.0",
  "lockfileVersion": 3,
  "requires": true,
  "packages": {
    "": {
      "name": "color-palette-generator",
      "version": "1.0.0",
      "license": "ISC",
      "dependencies": {
        "palette.js": "^0.0.5"
      },
      "devDependencies": {}
    },
    "node_modules/palette.js": {
      "version": "0.0.5",
      "resolved": "https://registry.npmjs.org/palette.js/-/palette.js-0.0.5.tgz",
      "integrity": "sha512-51DHXim98fP4hclv9xC+trYQzxpD7O6LuSosUl9CRorlNS1fvkvJqSN7TF+0xqBCaDWReHKISN+929meur6efA==",
      "license": "MIT"
    }
  }
}
